// !$*UTF8*$!
{
	archiveVersion = 1;
	classes = {
	};
	objectVersion = 48;
	objects = {

/* Begin PBXBuildFile section */
		110926E31F9E02100025AC26 /* StreamReader.swift in Sources */ = {isa = PBXBuildFile; fileRef = 110926E21F9E02100025AC26 /* StreamReader.swift */; };
		110926E61F9E02170025AC26 /* RandomForest.mlmodel in Sources */ = {isa = PBXBuildFile; fileRef = 110926E41F9E02170025AC26 /* RandomForest.mlmodel */; };
		110926E71F9E02170025AC26 /* DecisionTree.mlmodel in Sources */ = {isa = PBXBuildFile; fileRef = 110926E51F9E02170025AC26 /* DecisionTree.mlmodel */; };
		110CED74201E62A300D396E2 /* DataProvider.swift in Sources */ = {isa = PBXBuildFile; fileRef = 110CED73201E62A300D396E2 /* DataProvider.swift */; };
		110CED76201E663F00D396E2 /* NumericExtensions.swift in Sources */ = {isa = PBXBuildFile; fileRef = 110CED75201E663F00D396E2 /* NumericExtensions.swift */; };
		110CED78201E66CB00D396E2 /* FeaturesLabels.swift in Sources */ = {isa = PBXBuildFile; fileRef = 110CED77201E66CB00D396E2 /* FeaturesLabels.swift */; };
		110CED7A201E678A00D396E2 /* DataSplitter.swift in Sources */ = {isa = PBXBuildFile; fileRef = 110CED79201E678A00D396E2 /* DataSplitter.swift */; };
		110CED7C201E680A00D396E2 /* GKDecisionTreeWrapper.swift in Sources */ = {isa = PBXBuildFile; fileRef = 110CED7B201E680A00D396E2 /* GKDecisionTreeWrapper.swift */; };
		110CED7E201E6AB400D396E2 /* AccuracyMetrics.swift in Sources */ = {isa = PBXBuildFile; fileRef = 110CED7D201E6AB400D396E2 /* AccuracyMetrics.swift */; };
		11102FAA1EF2E72300AF61F1 /* AppDelegate.swift in Sources */ = {isa = PBXBuildFile; fileRef = 11102FA91EF2E72300AF61F1 /* AppDelegate.swift */; };
		11102FAC1EF2E72300AF61F1 /* ViewController.swift in Sources */ = {isa = PBXBuildFile; fileRef = 11102FAB1EF2E72300AF61F1 /* ViewController.swift */; };
		11102FAF1EF2E72300AF61F1 /* Main.storyboard in Resources */ = {isa = PBXBuildFile; fileRef = 11102FAD1EF2E72300AF61F1 /* Main.storyboard */; };
		11102FB11EF2E72300AF61F1 /* Assets.xcassets in Resources */ = {isa = PBXBuildFile; fileRef = 11102FB01EF2E72300AF61F1 /* Assets.xcassets */; };
		11102FB41EF2E72300AF61F1 /* LaunchScreen.storyboard in Resources */ = {isa = PBXBuildFile; fileRef = 11102FB21EF2E72300AF61F1 /* LaunchScreen.storyboard */; };
		11102FBC1EF2E74600AF61F1 /* Flow.swift in Sources */ = {isa = PBXBuildFile; fileRef = 11102FBB1EF2E74600AF61F1 /* Flow.swift */; };
		111EE10F1EF42FA3001A7302 /* data_test.csv in Resources */ = {isa = PBXBuildFile; fileRef = 111EE10E1EF42C5F001A7302 /* data_test.csv */; };
/* End PBXBuildFile section */

/* Begin PBXFileReference section */
		110926E21F9E02100025AC26 /* StreamReader.swift */ = {isa = PBXFileReference; fileEncoding = 4; lastKnownFileType = sourcecode.swift; path = StreamReader.swift; sourceTree = "<group>"; };
		110926E41F9E02170025AC26 /* RandomForest.mlmodel */ = {isa = PBXFileReference; lastKnownFileType = file.mlmodel; path = RandomForest.mlmodel; sourceTree = "<group>"; };
		110926E51F9E02170025AC26 /* DecisionTree.mlmodel */ = {isa = PBXFileReference; lastKnownFileType = file.mlmodel; path = DecisionTree.mlmodel; sourceTree = "<group>"; };
		110CED73201E62A300D396E2 /* DataProvider.swift */ = {isa = PBXFileReference; lastKnownFileType = sourcecode.swift; path = DataProvider.swift; sourceTree = "<group>"; };
		110CED75201E663F00D396E2 /* NumericExtensions.swift */ = {isa = PBXFileReference; lastKnownFileType = sourcecode.swift; path = NumericExtensions.swift; sourceTree = "<group>"; };
		110CED77201E66CB00D396E2 /* FeaturesLabels.swift */ = {isa = PBXFileReference; lastKnownFileType = sourcecode.swift; path = FeaturesLabels.swift; sourceTree = "<group>"; };
		110CED79201E678A00D396E2 /* DataSplitter.swift */ = {isa = PBXFileReference; lastKnownFileType = sourcecode.swift; path = DataSplitter.swift; sourceTree = "<group>"; };
		110CED7B201E680A00D396E2 /* GKDecisionTreeWrapper.swift */ = {isa = PBXFileReference; lastKnownFileType = sourcecode.swift; path = GKDecisionTreeWrapper.swift; sourceTree = "<group>"; };
		110CED7D201E6AB400D396E2 /* AccuracyMetrics.swift */ = {isa = PBXFileReference; lastKnownFileType = sourcecode.swift; path = AccuracyMetrics.swift; sourceTree = "<group>"; };
		11102FA61EF2E72300AF61F1 /* DecisionTreeDemo.app */ = {isa = PBXFileReference; explicitFileType = wrapper.application; includeInIndex = 0; path = DecisionTreeDemo.app; sourceTree = BUILT_PRODUCTS_DIR; };
		11102FA91EF2E72300AF61F1 /* AppDelegate.swift */ = {isa = PBXFileReference; lastKnownFileType = sourcecode.swift; path = AppDelegate.swift; sourceTree = "<group>"; };
		11102FAB1EF2E72300AF61F1 /* ViewController.swift */ = {isa = PBXFileReference; lastKnownFileType = sourcecode.swift; path = ViewController.swift; sourceTree = "<group>"; };
		11102FAE1EF2E72300AF61F1 /* Base */ = {isa = PBXFileReference; lastKnownFileType = file.storyboard; name = Base; path = Base.lproj/Main.storyboard; sourceTree = "<group>"; };
		11102FB01EF2E72300AF61F1 /* Assets.xcassets */ = {isa = PBXFileReference; lastKnownFileType = folder.assetcatalog; path = Assets.xcassets; sourceTree = "<group>"; };
		11102FB31EF2E72300AF61F1 /* Base */ = {isa = PBXFileReference; lastKnownFileType = file.storyboard; name = Base; path = Base.lproj/LaunchScreen.storyboard; sourceTree = "<group>"; };
		11102FB51EF2E72300AF61F1 /* Info.plist */ = {isa = PBXFileReference; lastKnownFileType = text.plist.xml; path = Info.plist; sourceTree = "<group>"; };
		11102FBB1EF2E74600AF61F1 /* Flow.swift */ = {isa = PBXFileReference; lastKnownFileType = sourcecode.swift; path = Flow.swift; sourceTree = "<group>"; };
		111EE10E1EF42C5F001A7302 /* data_test.csv */ = {isa = PBXFileReference; lastKnownFileType = text; path = data_test.csv; sourceTree = "<group>"; };
/* End PBXFileReference section */

/* Begin PBXFrameworksBuildPhase section */
		11102FA31EF2E72300AF61F1 /* Frameworks */ = {
			isa = PBXFrameworksBuildPhase;
			buildActionMask = 2147483647;
			files = (
			);
			runOnlyForDeploymentPostprocessing = 0;
		};
/* End PBXFrameworksBuildPhase section */

/* Begin PBXGroup section */
		11102F9D1EF2E72300AF61F1 = {
			isa = PBXGroup;
			children = (
				11102FA81EF2E72300AF61F1 /* DecisionTreeDemo */,
				11102FA71EF2E72300AF61F1 /* Products */,
			);
			sourceTree = "<group>";
		};
		11102FA71EF2E72300AF61F1 /* Products */ = {
			isa = PBXGroup;
			children = (
				11102FA61EF2E72300AF61F1 /* DecisionTreeDemo.app */,
			);
			name = Products;
			sourceTree = "<group>";
		};
		11102FA81EF2E72300AF61F1 /* DecisionTreeDemo */ = {
			isa = PBXGroup;
			children = (
				111EE10E1EF42C5F001A7302 /* data_test.csv */,
				110926E51F9E02170025AC26 /* DecisionTree.mlmodel */,
				110926E41F9E02170025AC26 /* RandomForest.mlmodel */,
				11102FA91EF2E72300AF61F1 /* AppDelegate.swift */,
				11102FAB1EF2E72300AF61F1 /* ViewController.swift */,
				11102FBB1EF2E74600AF61F1 /* Flow.swift */,
				110CED7D201E6AB400D396E2 /* AccuracyMetrics.swift */,
				110CED77201E66CB00D396E2 /* FeaturesLabels.swift */,
				110CED79201E678A00D396E2 /* DataSplitter.swift */,
				110CED7B201E680A00D396E2 /* GKDecisionTreeWrapper.swift */,
				110CED75201E663F00D396E2 /* NumericExtensions.swift */,
				110CED73201E62A300D396E2 /* DataProvider.swift */,
				110926E21F9E02100025AC26 /* StreamReader.swift */,
				11102FAD1EF2E72300AF61F1 /* Main.storyboard */,
				11102FB01EF2E72300AF61F1 /* Assets.xcassets */,
				11102FB21EF2E72300AF61F1 /* LaunchScreen.storyboard */,
				11102FB51EF2E72300AF61F1 /* Info.plist */,
			);
			path = DecisionTreeDemo;
			sourceTree = "<group>";
		};
/* End PBXGroup section */

/* Begin PBXNativeTarget section */
		11102FA51EF2E72300AF61F1 /* DecisionTreeDemo */ = {
			isa = PBXNativeTarget;
			buildConfigurationList = 11102FB81EF2E72300AF61F1 /* Build configuration list for PBXNativeTarget "DecisionTreeDemo" */;
			buildPhases = (
				11102FA21EF2E72300AF61F1 /* Sources */,
				11102FA31EF2E72300AF61F1 /* Frameworks */,
				11102FA41EF2E72300AF61F1 /* Resources */,
			);
			buildRules = (
			);
			dependencies = (
			);
			name = DecisionTreeDemo;
			productName = DecisionTreeDemo;
			productReference = 11102FA61EF2E72300AF61F1 /* DecisionTreeDemo.app */;
			productType = "com.apple.product-type.application";
		};
/* End PBXNativeTarget section */

/* Begin PBXProject section */
		11102F9E1EF2E72300AF61F1 /* Project object */ = {
			isa = PBXProject;
			attributes = {
				LastSwiftUpdateCheck = 0900;
				LastUpgradeCheck = 0920;
				ORGANIZATIONNAME = OWL;
				TargetAttributes = {
					11102FA51EF2E72300AF61F1 = {
						CreatedOnToolsVersion = 9.0;
					};
				};
			};
			buildConfigurationList = 11102FA11EF2E72300AF61F1 /* Build configuration list for PBXProject "DecisionTreeDemo" */;
			compatibilityVersion = "Xcode 8.0";
			developmentRegion = en;
			hasScannedForEncodings = 0;
			knownRegions = (
				en,
				Base,
			);
			mainGroup = 11102F9D1EF2E72300AF61F1;
			productRefGroup = 11102FA71EF2E72300AF61F1 /* Products */;
			projectDirPath = "";
			projectRoot = "";
			targets = (
				11102FA51EF2E72300AF61F1 /* DecisionTreeDemo */,
			);
		};
/* End PBXProject section */

/* Begin PBXResourcesBuildPhase section */
		11102FA41EF2E72300AF61F1 /* Resources */ = {
			isa = PBXResourcesBuildPhase;
			buildActionMask = 2147483647;
			files = (
				11102FB41EF2E72300AF61F1 /* LaunchScreen.storyboard in Resources */,
				11102FB11EF2E72300AF61F1 /* Assets.xcassets in Resources */,
				11102FAF1EF2E72300AF61F1 /* Main.storyboard in Resources */,
				111EE10F1EF42FA3001A7302 /* data_test.csv in Resources */,
			);
			runOnlyForDeploymentPostprocessing = 0;
		};
/* End PBXResourcesBuildPhase section */

/* Begin PBXSourcesBuildPhase section */
		11102FA21EF2E72300AF61F1 /* Sources */ = {
			isa = PBXSourcesBuildPhase;
			buildActionMask = 2147483647;
			files = (
				110926E71F9E02170025AC26 /* DecisionTree.mlmodel in Sources */,
				110926E31F9E02100025AC26 /* StreamReader.swift in Sources */,
				110CED7A201E678A00D396E2 /* DataSplitter.swift in Sources */,
				110CED78201E66CB00D396E2 /* FeaturesLabels.swift in Sources */,
				110926E61F9E02170025AC26 /* RandomForest.mlmodel in Sources */,
				110CED74201E62A300D396E2 /* DataProvider.swift in Sources */,
				110CED7E201E6AB400D396E2 /* AccuracyMetrics.swift in Sources */,
				11102FBC1EF2E74600AF61F1 /* Flow.swift in Sources */,
				110CED76201E663F00D396E2 /* NumericExtensions.swift in Sources */,
				11102FAC1EF2E72300AF61F1 /* ViewController.swift in Sources */,
				11102FAA1EF2E72300AF61F1 /* AppDelegate.swift in Sources */,
				110CED7C201E680A00D396E2 /* GKDecisionTreeWrapper.swift in Sources */,
			);
			runOnlyForDeploymentPostprocessing = 0;
		};
/* End PBXSourcesBuildPhase section */

/* Begin PBXVariantGroup section */
		11102FAD1EF2E72300AF61F1 /* Main.storyboard */ = {
			isa = PBXVariantGroup;
			children = (
				11102FAE1EF2E72300AF61F1 /* Base */,
			);
			name = Main.storyboard;
			sourceTree = "<group>";
		};
		11102FB21EF2E72300AF61F1 /* LaunchScreen.storyboard */ = {
			isa = PBXVariantGroup;
			children = (
				11102FB31EF2E72300AF61F1 /* Base */,
			);
			name = LaunchScreen.storyboard;
			sourceTree = "<group>";
		};
/* End PBXVariantGroup section */

/* Begin XCBuildConfiguration section */
		11102FB61EF2E72300AF61F1 /* Debug */ = {
			isa = XCBuildConfiguration;
			buildSettings = {
				ALWAYS_SEARCH_USER_PATHS = NO;
				CLANG_ANALYZER_NONNULL = YES;
				CLANG_ANALYZER_NUMBER_OBJECT_CONVERSION = YES_AGGRESSIVE;
				CLANG_CXX_LANGUAGE_STANDARD = "gnu++14";
				CLANG_CXX_LIBRARY = "libc++";
				CLANG_ENABLE_MODULES = YES;
				CLANG_ENABLE_OBJC_ARC = YES;
				CLANG_WARN_BLOCK_CAPTURE_AUTORELEASING = YES;
				CLANG_WARN_BOOL_CONVERSION = YES;
				CLANG_WARN_COMMA = YES;
				CLANG_WARN_CONSTANT_CONVERSION = YES;
				CLANG_WARN_DIRECT_OBJC_ISA_USAGE = YES_ERROR;
				CLANG_WARN_DOCUMENTATION_COMMENTS = YES;
				CLANG_WARN_EMPTY_BODY = YES;
				CLANG_WARN_ENUM_CONVERSION = YES;
				CLANG_WARN_INFINITE_RECURSION = YES;
				CLANG_WARN_INT_CONVERSION = YES;
				CLANG_WARN_NON_LITERAL_NULL_CONVERSION = YES;
				CLANG_WARN_OBJC_LITERAL_CONVERSION = YES;
				CLANG_WARN_OBJC_ROOT_CLASS = YES_ERROR;
				CLANG_WARN_RANGE_LOOP_ANALYSIS = YES;
				CLANG_WARN_STRICT_PROTOTYPES = YES;
				CLANG_WARN_SUSPICIOUS_MOVE = YES;
				CLANG_WARN_UNGUARDED_AVAILABILITY = YES_AGGRESSIVE;
				CLANG_WARN_UNREACHABLE_CODE = YES;
				CLANG_WARN__DUPLICATE_METHOD_MATCH = YES;
				CODE_SIGN_IDENTITY = "iPhone Developer";
				COPY_PHASE_STRIP = NO;
				DEBUG_INFORMATION_FORMAT = dwarf;
				ENABLE_STRICT_OBJC_MSGSEND = YES;
				ENABLE_TESTABILITY = YES;
				GCC_C_LANGUAGE_STANDARD = gnu11;
				GCC_DYNAMIC_NO_PIC = NO;
				GCC_NO_COMMON_BLOCKS = YES;
				GCC_OPTIMIZATION_LEVEL = 0;
				GCC_PREPROCESSOR_DEFINITIONS = (
					"DEBUG=1",
					"$(inherited)",
				);
				GCC_WARN_64_TO_32_BIT_CONVERSION = YES;
				GCC_WARN_ABOUT_RETURN_TYPE = YES_ERROR;
				GCC_WARN_UNDECLARED_SELECTOR = YES;
				GCC_WARN_UNINITIALIZED_AUTOS = YES_AGGRESSIVE;
				GCC_WARN_UNUSED_FUNCTION = YES;
				GCC_WARN_UNUSED_VARIABLE = YES;
				IPHONEOS_DEPLOYMENT_TARGET = 11.0;
				MTL_ENABLE_DEBUG_INFO = YES;
				ONLY_ACTIVE_ARCH = YES;
				SDKROOT = iphoneos;
				SWIFT_ACTIVE_COMPILATION_CONDITIONS = DEBUG;
				SWIFT_OPTIMIZATION_LEVEL = "-Onone";
			};
			name = Debug;
		};
		11102FB71EF2E72300AF61F1 /* Release */ = {
			isa = XCBuildConfiguration;
			buildSettings = {
				ALWAYS_SEARCH_USER_PATHS = NO;
				CLANG_ANALYZER_NONNULL = YES;
				CLANG_ANALYZER_NUMBER_OBJECT_CONVERSION = YES_AGGRESSIVE;
				CLANG_CXX_LANGUAGE_STANDARD = "gnu++14";
				CLANG_CXX_LIBRARY = "libc++";
				CLANG_ENABLE_MODULES = YES;
				CLANG_ENABLE_OBJC_ARC = YES;
				CLANG_WARN_BLOCK_CAPTURE_AUTORELEASING = YES;
				CLANG_WARN_BOOL_CONVERSION = YES;
				CLANG_WARN_COMMA = YES;
				CLANG_WARN_CONSTANT_CONVERSION = YES;
				CLANG_WARN_DIRECT_OBJC_ISA_USAGE = YES_ERROR;
				CLANG_WARN_DOCUMENTATION_COMMENTS = YES;
				CLANG_WARN_EMPTY_BODY = YES;
				CLANG_WARN_ENUM_CONVERSION = YES;
				CLANG_WARN_INFINITE_RECURSION = YES;
				CLANG_WARN_INT_CONVERSION = YES;
				CLANG_WARN_NON_LITERAL_NULL_CONVERSION = YES;
				CLANG_WARN_OBJC_LITERAL_CONVERSION = YES;
				CLANG_WARN_OBJC_ROOT_CLASS = YES_ERROR;
				CLANG_WARN_RANGE_LOOP_ANALYSIS = YES;
				CLANG_WARN_STRICT_PROTOTYPES = YES;
				CLANG_WARN_SUSPICIOUS_MOVE = YES;
				CLANG_WARN_UNGUARDED_AVAILABILITY = YES_AGGRESSIVE;
				CLANG_WARN_UNREACHABLE_CODE = YES;
				CLANG_WARN__DUPLICATE_METHOD_MATCH = YES;
				CODE_SIGN_IDENTITY = "iPhone Developer";
				COPY_PHASE_STRIP = NO;
				DEBUG_INFORMATION_FORMAT = "dwarf-with-dsym";
				ENABLE_NS_ASSERTIONS = NO;
				ENABLE_STRICT_OBJC_MSGSEND = YES;
				GCC_C_LANGUAGE_STANDARD = gnu11;
				GCC_NO_COMMON_BLOCKS = YES;
				GCC_WARN_64_TO_32_BIT_CONVERSION = YES;
				GCC_WARN_ABOUT_RETURN_TYPE = YES_ERROR;
				GCC_WARN_UNDECLARED_SELECTOR = YES;
				GCC_WARN_UNINITIALIZED_AUTOS = YES_AGGRESSIVE;
				GCC_WARN_UNUSED_FUNCTION = YES;
				GCC_WARN_UNUSED_VARIABLE = YES;
				IPHONEOS_DEPLOYMENT_TARGET = 11.0;
				MTL_ENABLE_DEBUG_INFO = NO;
				SDKROOT = iphoneos;
				SWIFT_OPTIMIZATION_LEVEL = "-Owholemodule";
				VALIDATE_PRODUCT = YES;
			};
			name = Release;
		};
		11102FB91EF2E72300AF61F1 /* Debug */ = {
			isa = XCBuildConfiguration;
			buildSettings = {
				ASSETCATALOG_COMPILER_APPICON_NAME = AppIcon;
				DEVELOPMENT_TEAM = AUMEW37ZKN;
				INFOPLIST_FILE = DecisionTreeDemo/Info.plist;
				IPHONEOS_DEPLOYMENT_TARGET = 11.0;
				LD_RUNPATH_SEARCH_PATHS = "$(inherited) @executable_path/Frameworks";
				PRODUCT_BUNDLE_IDENTIFIER = owl.org.DecisionTreeDemo;
				PRODUCT_NAME = "$(TARGET_NAME)";
				SWIFT_VERSION = 4.0;
				TARGETED_DEVICE_FAMILY = "1,2";
			};
			name = Debug;
		};
		11102FBA1EF2E72300AF61F1 /* Release */ = {
			isa = XCBuildConfiguration;
			buildSettings = {
				ASSETCATALOG_COMPILER_APPICON_NAME = AppIcon;
				DEVELOPMENT_TEAM = AUMEW37ZKN;
				INFOPLIST_FILE = DecisionTreeDemo/Info.plist;
				IPHONEOS_DEPLOYMENT_TARGET = 11.0;
				LD_RUNPATH_SEARCH_PATHS = "$(inherited) @executable_path/Frameworks";
				PRODUCT_BUNDLE_IDENTIFIER = owl.org.DecisionTreeDemo;
				PRODUCT_NAME = "$(TARGET_NAME)";
				SWIFT_VERSION = 4.0;
				TARGETED_DEVICE_FAMILY = "1,2";
			};
			name = Release;
		};
/* End XCBuildConfiguration section */

/* Begin XCConfigurationList section */
		11102FA11EF2E72300AF61F1 /* Build configuration list for PBXProject "DecisionTreeDemo" */ = {
			isa = XCConfigurationList;
			buildConfigurations = (
				11102FB61EF2E72300AF61F1 /* Debug */,
				11102FB71EF2E72300AF61F1 /* Release */,
			);
			defaultConfigurationIsVisible = 0;
			defaultConfigurationName = Release;
		};
		11102FB81EF2E72300AF61F1 /* Build configuration list for PBXNativeTarget "DecisionTreeDemo" */ = {
			isa = XCConfigurationList;
			buildConfigurations = (
				11102FB91EF2E72300AF61F1 /* Debug */,
				11102FBA1EF2E72300AF61F1 /* Release */,
			);
			defaultConfigurationIsVisible = 0;
			defaultConfigurationName = Release;
		};
/* End XCConfigurationList section */
	};
	rootObject = 11102F9E1EF2E72300AF61F1 /* Project object */;
}
