// !$*UTF8*$!
{
	archiveVersion = 1;
	classes = {
	};
	objectVersion = 46;
	objects = {

/* Begin PBXBuildFile section */
		110927291F9E5C480025AC26 /* KMeans.swift in Sources */ = {isa = PBXBuildFile; fileRef = 110927281F9E5C480025AC26 /* KMeans.swift */; };
		1109272B1F9E5C6D0025AC26 /* Random.swift in Sources */ = {isa = PBXBuildFile; fileRef = 1109272A1F9E5C6D0025AC26 /* Random.swift */; };
		110927301F9E5CDB0025AC26 /* Logic.swift in Sources */ = {isa = PBXBuildFile; fileRef = 1109272C1F9E5CDA0025AC26 /* Logic.swift */; };
		110927321F9E5CDB0025AC26 /* Distance.swift in Sources */ = {isa = PBXBuildFile; fileRef = 1109272E1F9E5CDA0025AC26 /* Distance.swift */; };
		110927331F9E5CDB0025AC26 /* VectorOperations.swift in Sources */ = {isa = PBXBuildFile; fileRef = 1109272F1F9E5CDA0025AC26 /* VectorOperations.swift */; };
		1123379B2027CD220007BDE2 /* CLLocationCoordinate2DExtension.swift in Sources */ = {isa = PBXBuildFile; fileRef = 1123379A2027CD220007BDE2 /* CLLocationCoordinate2DExtension.swift */; };
		11238B451EFE97D900DFE4B3 /* Settings.swift in Sources */ = {isa = PBXBuildFile; fileRef = 11238B441EFE97D900DFE4B3 /* Settings.swift */; };
		1178CA691EA0FE080072F4DC /* AppDelegate.swift in Sources */ = {isa = PBXBuildFile; fileRef = 1178CA681EA0FE080072F4DC /* AppDelegate.swift */; };
		1178CA6B1EA0FE080072F4DC /* ViewController.swift in Sources */ = {isa = PBXBuildFile; fileRef = 1178CA6A1EA0FE080072F4DC /* ViewController.swift */; };
		1178CA6E1EA0FE080072F4DC /* Main.storyboard in Resources */ = {isa = PBXBuildFile; fileRef = 1178CA6C1EA0FE080072F4DC /* Main.storyboard */; };
		1178CA701EA0FE080072F4DC /* Assets.xcassets in Resources */ = {isa = PBXBuildFile; fileRef = 1178CA6F1EA0FE080072F4DC /* Assets.xcassets */; };
		1178CA731EA0FE080072F4DC /* LaunchScreen.storyboard in Resources */ = {isa = PBXBuildFile; fileRef = 1178CA711EA0FE080072F4DC /* LaunchScreen.storyboard */; };
/* End PBXBuildFile section */

/* Begin PBXCopyFilesBuildPhase section */
		1178CAB61EA112D20072F4DC /* Embed Frameworks */ = {
			isa = PBXCopyFilesBuildPhase;
			buildActionMask = 2147483647;
			dstPath = "";
			dstSubfolderSpec = 10;
			files = (
			);
			name = "Embed Frameworks";
			runOnlyForDeploymentPostprocessing = 0;
		};
/* End PBXCopyFilesBuildPhase section */

/* Begin PBXFileReference section */
		110927281F9E5C480025AC26 /* KMeans.swift */ = {isa = PBXFileReference; fileEncoding = 4; lastKnownFileType = sourcecode.swift; path = KMeans.swift; sourceTree = "<group>"; };
		1109272A1F9E5C6D0025AC26 /* Random.swift */ = {isa = PBXFileReference; fileEncoding = 4; lastKnownFileType = sourcecode.swift; path = Random.swift; sourceTree = "<group>"; };
		1109272C1F9E5CDA0025AC26 /* Logic.swift */ = {isa = PBXFileReference; fileEncoding = 4; lastKnownFileType = sourcecode.swift; path = Logic.swift; sourceTree = "<group>"; };
		1109272E1F9E5CDA0025AC26 /* Distance.swift */ = {isa = PBXFileReference; fileEncoding = 4; lastKnownFileType = sourcecode.swift; path = Distance.swift; sourceTree = "<group>"; };
		1109272F1F9E5CDA0025AC26 /* VectorOperations.swift */ = {isa = PBXFileReference; fileEncoding = 4; lastKnownFileType = sourcecode.swift; path = VectorOperations.swift; sourceTree = "<group>"; };
		1123379A2027CD220007BDE2 /* CLLocationCoordinate2DExtension.swift */ = {isa = PBXFileReference; lastKnownFileType = sourcecode.swift; path = CLLocationCoordinate2DExtension.swift; sourceTree = "<group>"; };
		11238B441EFE97D900DFE4B3 /* Settings.swift */ = {isa = PBXFileReference; lastKnownFileType = sourcecode.swift; path = Settings.swift; sourceTree = "<group>"; };
		1178CA651EA0FE080072F4DC /* MapKMeans.app */ = {isa = PBXFileReference; explicitFileType = wrapper.application; includeInIndex = 0; path = MapKMeans.app; sourceTree = BUILT_PRODUCTS_DIR; };
		1178CA681EA0FE080072F4DC /* AppDelegate.swift */ = {isa = PBXFileReference; lastKnownFileType = sourcecode.swift; path = AppDelegate.swift; sourceTree = "<group>"; };
		1178CA6A1EA0FE080072F4DC /* ViewController.swift */ = {isa = PBXFileReference; lastKnownFileType = sourcecode.swift; path = ViewController.swift; sourceTree = "<group>"; };
		1178CA6D1EA0FE080072F4DC /* Base */ = {isa = PBXFileReference; lastKnownFileType = file.storyboard; name = Base; path = Base.lproj/Main.storyboard; sourceTree = "<group>"; };
		1178CA6F1EA0FE080072F4DC /* Assets.xcassets */ = {isa = PBXFileReference; lastKnownFileType = folder.assetcatalog; path = Assets.xcassets; sourceTree = "<group>"; };
		1178CA721EA0FE080072F4DC /* Base */ = {isa = PBXFileReference; lastKnownFileType = file.storyboard; name = Base; path = Base.lproj/LaunchScreen.storyboard; sourceTree = "<group>"; };
		1178CA741EA0FE080072F4DC /* Info.plist */ = {isa = PBXFileReference; lastKnownFileType = text.plist.xml; path = Info.plist; sourceTree = "<group>"; };
/* End PBXFileReference section */

/* Begin PBXFrameworksBuildPhase section */
		1178CA621EA0FE080072F4DC /* Frameworks */ = {
			isa = PBXFrameworksBuildPhase;
			buildActionMask = 2147483647;
			files = (
			);
			runOnlyForDeploymentPostprocessing = 0;
		};
/* End PBXFrameworksBuildPhase section */

/* Begin PBXGroup section */
		1178CA5C1EA0FE080072F4DC = {
			isa = PBXGroup;
			children = (
				1178CA671EA0FE080072F4DC /* MapKMeans */,
				1178CA661EA0FE080072F4DC /* Products */,
			);
			sourceTree = "<group>";
		};
		1178CA661EA0FE080072F4DC /* Products */ = {
			isa = PBXGroup;
			children = (
				1178CA651EA0FE080072F4DC /* MapKMeans.app */,
			);
			name = Products;
			sourceTree = "<group>";
		};
		1178CA671EA0FE080072F4DC /* MapKMeans */ = {
			isa = PBXGroup;
			children = (
				110927281F9E5C480025AC26 /* KMeans.swift */,
				1109272A1F9E5C6D0025AC26 /* Random.swift */,
				1109272C1F9E5CDA0025AC26 /* Logic.swift */,
				1109272E1F9E5CDA0025AC26 /* Distance.swift */,
				1109272F1F9E5CDA0025AC26 /* VectorOperations.swift */,
				1178CA681EA0FE080072F4DC /* AppDelegate.swift */,
				1178CA6A1EA0FE080072F4DC /* ViewController.swift */,
				1123379A2027CD220007BDE2 /* CLLocationCoordinate2DExtension.swift */,
				11238B441EFE97D900DFE4B3 /* Settings.swift */,
				1178CA6C1EA0FE080072F4DC /* Main.storyboard */,
				1178CA6F1EA0FE080072F4DC /* Assets.xcassets */,
				1178CA711EA0FE080072F4DC /* LaunchScreen.storyboard */,
				1178CA741EA0FE080072F4DC /* Info.plist */,
			);
			path = MapKMeans;
			sourceTree = "<group>";
		};
/* End PBXGroup section */

/* Begin PBXNativeTarget section */
		1178CA641EA0FE080072F4DC /* MapKMeans */ = {
			isa = PBXNativeTarget;
			buildConfigurationList = 1178CA821EA0FE090072F4DC /* Build configuration list for PBXNativeTarget "MapKMeans" */;
			buildPhases = (
				1178CA611EA0FE080072F4DC /* Sources */,
				1178CA621EA0FE080072F4DC /* Frameworks */,
				1178CA631EA0FE080072F4DC /* Resources */,
				1178CAB61EA112D20072F4DC /* Embed Frameworks */,
			);
			buildRules = (
			);
			dependencies = (
			);
			name = MapKMeans;
			productName = MapKMeans;
			productReference = 1178CA651EA0FE080072F4DC /* MapKMeans.app */;
			productType = "com.apple.product-type.application";
		};
/* End PBXNativeTarget section */

/* Begin PBXProject section */
		1178CA5D1EA0FE080072F4DC /* Project object */ = {
			isa = PBXProject;
			attributes = {
				LastSwiftUpdateCheck = 0830;
				LastUpgradeCheck = 0900;
				ORGANIZATIONNAME = OWL;
				TargetAttributes = {
					1178CA641EA0FE080072F4DC = {
						CreatedOnToolsVersion = 8.3;
						DevelopmentTeam = AUMEW37ZKN;
						LastSwiftMigration = 0900;
						ProvisioningStyle = Automatic;
					};
				};
			};
			buildConfigurationList = 1178CA601EA0FE080072F4DC /* Build configuration list for PBXProject "MapKMeans" */;
			compatibilityVersion = "Xcode 3.2";
			developmentRegion = English;
			hasScannedForEncodings = 0;
			knownRegions = (
				en,
				Base,
			);
			mainGroup = 1178CA5C1EA0FE080072F4DC;
			productRefGroup = 1178CA661EA0FE080072F4DC /* Products */;
			projectDirPath = "";
			projectRoot = "";
			targets = (
				1178CA641EA0FE080072F4DC /* MapKMeans */,
			);
		};
/* End PBXProject section */

/* Begin PBXResourcesBuildPhase section */
		1178CA631EA0FE080072F4DC /* Resources */ = {
			isa = PBXResourcesBuildPhase;
			buildActionMask = 2147483647;
			files = (
				1178CA731EA0FE080072F4DC /* LaunchScreen.storyboard in Resources */,
				1178CA701EA0FE080072F4DC /* Assets.xcassets in Resources */,
				1178CA6E1EA0FE080072F4DC /* Main.storyboard in Resources */,
			);
			runOnlyForDeploymentPostprocessing = 0;
		};
/* End PBXResourcesBuildPhase section */

/* Begin PBXSourcesBuildPhase section */
		1178CA611EA0FE080072F4DC /* Sources */ = {
			isa = PBXSourcesBuildPhase;
			buildActionMask = 2147483647;
			files = (
				11238B451EFE97D900DFE4B3 /* Settings.swift in Sources */,
				1178CA6B1EA0FE080072F4DC /* ViewController.swift in Sources */,
				1109272B1F9E5C6D0025AC26 /* Random.swift in Sources */,
				110927331F9E5CDB0025AC26 /* VectorOperations.swift in Sources */,
				110927291F9E5C480025AC26 /* KMeans.swift in Sources */,
				1123379B2027CD220007BDE2 /* CLLocationCoordinate2DExtension.swift in Sources */,
				110927301F9E5CDB0025AC26 /* Logic.swift in Sources */,
				110927321F9E5CDB0025AC26 /* Distance.swift in Sources */,
				1178CA691EA0FE080072F4DC /* AppDelegate.swift in Sources */,
			);
			runOnlyForDeploymentPostprocessing = 0;
		};
/* End PBXSourcesBuildPhase section */

/* Begin PBXVariantGroup section */
		1178CA6C1EA0FE080072F4DC /* Main.storyboard */ = {
			isa = PBXVariantGroup;
			children = (
				1178CA6D1EA0FE080072F4DC /* Base */,
			);
			name = Main.storyboard;
			sourceTree = "<group>";
		};
		1178CA711EA0FE080072F4DC /* LaunchScreen.storyboard */ = {
			isa = PBXVariantGroup;
			children = (
				1178CA721EA0FE080072F4DC /* Base */,
			);
			name = LaunchScreen.storyboard;
			sourceTree = "<group>";
		};
/* End PBXVariantGroup section */

/* Begin XCBuildConfiguration section */
		1178CA801EA0FE090072F4DC /* Debug */ = {
			isa = XCBuildConfiguration;
			buildSettings = {
				ALWAYS_SEARCH_USER_PATHS = NO;
				CLANG_ANALYZER_NONNULL = YES;
				CLANG_ANALYZER_NUMBER_OBJECT_CONVERSION = YES_AGGRESSIVE;
				CLANG_CXX_LANGUAGE_STANDARD = "gnu++0x";
				CLANG_CXX_LIBRARY = "libc++";
				CLANG_ENABLE_MODULES = YES;
				CLANG_ENABLE_OBJC_ARC = YES;
				CLANG_WARN_BLOCK_CAPTURE_AUTORELEASING = YES;
				CLANG_WARN_BOOL_CONVERSION = YES;
				CLANG_WARN_COMMA = YES;
				CLANG_WARN_CONSTANT_CONVERSION = YES;
				CLANG_WARN_DIRECT_OBJC_ISA_USAGE = YES_ERROR;
				CLANG_WARN_DOCUMENTATION_COMMENTS = YES;
				CLANG_WARN_EMPTY_BODY = YES;
				CLANG_WARN_ENUM_CONVERSION = YES;
				CLANG_WARN_INFINITE_RECURSION = YES;
				CLANG_WARN_INT_CONVERSION = YES;
				CLANG_WARN_NON_LITERAL_NULL_CONVERSION = YES;
				CLANG_WARN_OBJC_LITERAL_CONVERSION = YES;
				CLANG_WARN_OBJC_ROOT_CLASS = YES_ERROR;
				CLANG_WARN_RANGE_LOOP_ANALYSIS = YES;
				CLANG_WARN_STRICT_PROTOTYPES = YES;
				CLANG_WARN_SUSPICIOUS_MOVE = YES;
				CLANG_WARN_UNREACHABLE_CODE = YES;
				CLANG_WARN__DUPLICATE_METHOD_MATCH = YES;
				"CODE_SIGN_IDENTITY[sdk=iphoneos*]" = "iPhone Developer";
				COPY_PHASE_STRIP = NO;
				DEBUG_INFORMATION_FORMAT = dwarf;
				ENABLE_STRICT_OBJC_MSGSEND = YES;
				ENABLE_TESTABILITY = YES;
				GCC_C_LANGUAGE_STANDARD = gnu99;
				GCC_DYNAMIC_NO_PIC = NO;
				GCC_NO_COMMON_BLOCKS = YES;
				GCC_OPTIMIZATION_LEVEL = 0;
				GCC_PREPROCESSOR_DEFINITIONS = (
					"DEBUG=1",
					"$(inherited)",
				);
				GCC_WARN_64_TO_32_BIT_CONVERSION = YES;
				GCC_WARN_ABOUT_RETURN_TYPE = YES_ERROR;
				GCC_WARN_UNDECLARED_SELECTOR = YES;
				GCC_WARN_UNINITIALIZED_AUTOS = YES_AGGRESSIVE;
				GCC_WARN_UNUSED_FUNCTION = YES;
				GCC_WARN_UNUSED_VARIABLE = YES;
				IPHONEOS_DEPLOYMENT_TARGET = 10.2;
				MTL_ENABLE_DEBUG_INFO = YES;
				ONLY_ACTIVE_ARCH = YES;
				SDKROOT = iphoneos;
				SWIFT_ACTIVE_COMPILATION_CONDITIONS = DEBUG;
				SWIFT_OPTIMIZATION_LEVEL = "-Onone";
				TARGETED_DEVICE_FAMILY = "1,2";
			};
			name = Debug;
		};
		1178CA811EA0FE090072F4DC /* Release */ = {
			isa = XCBuildConfiguration;
			buildSettings = {
				ALWAYS_SEARCH_USER_PATHS = NO;
				CLANG_ANALYZER_NONNULL = YES;
				CLANG_ANALYZER_NUMBER_OBJECT_CONVERSION = YES_AGGRESSIVE;
				CLANG_CXX_LANGUAGE_STANDARD = "gnu++0x";
				CLANG_CXX_LIBRARY = "libc++";
				CLANG_ENABLE_MODULES = YES;
				CLANG_ENABLE_OBJC_ARC = YES;
				CLANG_WARN_BLOCK_CAPTURE_AUTORELEASING = YES;
				CLANG_WARN_BOOL_CONVERSION = YES;
				CLANG_WARN_COMMA = YES;
				CLANG_WARN_CONSTANT_CONVERSION = YES;
				CLANG_WARN_DIRECT_OBJC_ISA_USAGE = YES_ERROR;
				CLANG_WARN_DOCUMENTATION_COMMENTS = YES;
				CLANG_WARN_EMPTY_BODY = YES;
				CLANG_WARN_ENUM_CONVERSION = YES;
				CLANG_WARN_INFINITE_RECURSION = YES;
				CLANG_WARN_INT_CONVERSION = YES;
				CLANG_WARN_NON_LITERAL_NULL_CONVERSION = YES;
				CLANG_WARN_OBJC_LITERAL_CONVERSION = YES;
				CLANG_WARN_OBJC_ROOT_CLASS = YES_ERROR;
				CLANG_WARN_RANGE_LOOP_ANALYSIS = YES;
				CLANG_WARN_STRICT_PROTOTYPES = YES;
				CLANG_WARN_SUSPICIOUS_MOVE = YES;
				CLANG_WARN_UNREACHABLE_CODE = YES;
				CLANG_WARN__DUPLICATE_METHOD_MATCH = YES;
				"CODE_SIGN_IDENTITY[sdk=iphoneos*]" = "iPhone Developer";
				COPY_PHASE_STRIP = NO;
				DEBUG_INFORMATION_FORMAT = "dwarf-with-dsym";
				ENABLE_NS_ASSERTIONS = NO;
				ENABLE_STRICT_OBJC_MSGSEND = YES;
				GCC_C_LANGUAGE_STANDARD = gnu99;
				GCC_NO_COMMON_BLOCKS = YES;
				GCC_WARN_64_TO_32_BIT_CONVERSION = YES;
				GCC_WARN_ABOUT_RETURN_TYPE = YES_ERROR;
				GCC_WARN_UNDECLARED_SELECTOR = YES;
				GCC_WARN_UNINITIALIZED_AUTOS = YES_AGGRESSIVE;
				GCC_WARN_UNUSED_FUNCTION = YES;
				GCC_WARN_UNUSED_VARIABLE = YES;
				IPHONEOS_DEPLOYMENT_TARGET = 10.2;
				MTL_ENABLE_DEBUG_INFO = NO;
				SDKROOT = iphoneos;
				SWIFT_OPTIMIZATION_LEVEL = "-Owholemodule";
				TARGETED_DEVICE_FAMILY = "1,2";
				VALIDATE_PRODUCT = YES;
			};
			name = Release;
		};
		1178CA831EA0FE090072F4DC /* Debug */ = {
			isa = XCBuildConfiguration;
			buildSettings = {
				ALWAYS_EMBED_SWIFT_STANDARD_LIBRARIES = YES;
				ASSETCATALOG_COMPILER_APPICON_NAME = AppIcon;
				DEVELOPMENT_TEAM = AUMEW37ZKN;
				INFOPLIST_FILE = MapKMeans/Info.plist;
				LD_RUNPATH_SEARCH_PATHS = "$(inherited) @executable_path/Frameworks";
				PRODUCT_BUNDLE_IDENTIFIER = owl.test;
				PRODUCT_NAME = "$(TARGET_NAME)";
				SWIFT_SWIFT3_OBJC_INFERENCE = Default;
				SWIFT_VERSION = 4.0;
			};
			name = Debug;
		};
		1178CA841EA0FE090072F4DC /* Release */ = {
			isa = XCBuildConfiguration;
			buildSettings = {
				ALWAYS_EMBED_SWIFT_STANDARD_LIBRARIES = YES;
				ASSETCATALOG_COMPILER_APPICON_NAME = AppIcon;
				DEVELOPMENT_TEAM = AUMEW37ZKN;
				INFOPLIST_FILE = MapKMeans/Info.plist;
				LD_RUNPATH_SEARCH_PATHS = "$(inherited) @executable_path/Frameworks";
				PRODUCT_BUNDLE_IDENTIFIER = owl.test;
				PRODUCT_NAME = "$(TARGET_NAME)";
				SWIFT_SWIFT3_OBJC_INFERENCE = Default;
				SWIFT_VERSION = 4.0;
			};
			name = Release;
		};
/* End XCBuildConfiguration section */

/* Begin XCConfigurationList section */
		1178CA601EA0FE080072F4DC /* Build configuration list for PBXProject "MapKMeans" */ = {
			isa = XCConfigurationList;
			buildConfigurations = (
				1178CA801EA0FE090072F4DC /* Debug */,
				1178CA811EA0FE090072F4DC /* Release */,
			);
			defaultConfigurationIsVisible = 0;
			defaultConfigurationName = Release;
		};
		1178CA821EA0FE090072F4DC /* Build configuration list for PBXNativeTarget "MapKMeans" */ = {
			isa = XCConfigurationList;
			buildConfigurations = (
				1178CA831EA0FE090072F4DC /* Debug */,
				1178CA841EA0FE090072F4DC /* Release */,
			);
			defaultConfigurationIsVisible = 0;
			defaultConfigurationName = Release;
		};
/* End XCConfigurationList section */
	};
	rootObject = 1178CA5D1EA0FE080072F4DC /* Project object */;
}
